// !$*UTF8*$!
{
	archiveVersion = 1;
	classes = {
	};
	objectVersion = 56;
	objects = {

/* Begin PBXBuildFile section */
		C508A0342B4F57C800090467 /* landmarkData.json in Resources */ = {isa = PBXBuildFile; fileRef = C508A0332B4F57C800090467 /* landmarkData.json */; };
		C508A0372B4F580C00090467 /* Landmark.swift in Sources */ = {isa = PBXBuildFile; fileRef = C508A0362B4F580C00090467 /* Landmark.swift */; };
		C51631E12B4FD6A800B1E451 /* DataLoader.swift in Sources */ = {isa = PBXBuildFile; fileRef = C51631E02B4FD6A800B1E451 /* DataLoader.swift */; };
		C58C98A32B530D98009017C6 /* FavoriteButton.swift in Sources */ = {isa = PBXBuildFile; fileRef = C58C98A22B530D98009017C6 /* FavoriteButton.swift */; };
		C599D0CF2B59C97300255782 /* HexagonParameters.swift in Sources */ = {isa = PBXBuildFile; fileRef = C599D0CE2B59C97300255782 /* HexagonParameters.swift */; };
		C599D0D22B59E31400255782 /* BadgeBackground.swift in Sources */ = {isa = PBXBuildFile; fileRef = C599D0D12B59E31400255782 /* BadgeBackground.swift */; };
		C599D0D42B59EFA600255782 /* BadgeSymbol.swift in Sources */ = {isa = PBXBuildFile; fileRef = C599D0D32B59EFA600255782 /* BadgeSymbol.swift */; };
		C599D0D62B59F15A00255782 /* RotatedBadgeSymbol.swift in Sources */ = {isa = PBXBuildFile; fileRef = C599D0D52B59F15A00255782 /* RotatedBadgeSymbol.swift */; };
		C599D0D82B59F1E400255782 /* Badge.swift in Sources */ = {isa = PBXBuildFile; fileRef = C599D0D72B59F1E400255782 /* Badge.swift */; };
		C599D0DB2B59F71D00255782 /* hikeData.json in Resources */ = {isa = PBXBuildFile; fileRef = C599D0DA2B59F71D00255782 /* hikeData.json */; };
		C599D0DD2B59F78500255782 /* Hike.swift in Sources */ = {isa = PBXBuildFile; fileRef = C599D0DC2B59F78500255782 /* Hike.swift */; };
		C599D0E52B59F9AD00255782 /* HikeDetail.swift in Sources */ = {isa = PBXBuildFile; fileRef = C599D0E12B59F9AD00255782 /* HikeDetail.swift */; };
		C599D0E62B59F9AD00255782 /* HikeGraph.swift in Sources */ = {isa = PBXBuildFile; fileRef = C599D0E22B59F9AD00255782 /* HikeGraph.swift */; };
		C599D0E72B59F9AD00255782 /* HikeView.swift in Sources */ = {isa = PBXBuildFile; fileRef = C599D0E32B59F9AD00255782 /* HikeView.swift */; };
		C599D0E82B59F9AD00255782 /* GraphCapsule.swift in Sources */ = {isa = PBXBuildFile; fileRef = C599D0E42B59F9AD00255782 /* GraphCapsule.swift */; };
		C5BB60F42B4FE89E00AD2D48 /* LandmarkRowView.swift in Sources */ = {isa = PBXBuildFile; fileRef = C5BB60F32B4FE89E00AD2D48 /* LandmarkRowView.swift */; };
		C5BB60F62B4FF02100AD2D48 /* DataSource.swift in Sources */ = {isa = PBXBuildFile; fileRef = C5BB60F52B4FF02100AD2D48 /* DataSource.swift */; };
		C5BB60F82B4FF1BF00AD2D48 /* LandmarksListView.swift in Sources */ = {isa = PBXBuildFile; fileRef = C5BB60F72B4FF1BF00AD2D48 /* LandmarksListView.swift */; };
		C5C22B732B4EB45900761136 /* SwiftUITutor1App.swift in Sources */ = {isa = PBXBuildFile; fileRef = C5C22B722B4EB45900761136 /* SwiftUITutor1App.swift */; };
		C5C22B752B4EB45900761136 /* LandmarkDetailsView.swift in Sources */ = {isa = PBXBuildFile; fileRef = C5C22B742B4EB45900761136 /* LandmarkDetailsView.swift */; };
		C5C22B772B4EB45B00761136 /* Assets.xcassets in Resources */ = {isa = PBXBuildFile; fileRef = C5C22B762B4EB45B00761136 /* Assets.xcassets */; };
		C5C22B7A2B4EB45B00761136 /* Preview Assets.xcassets in Resources */ = {isa = PBXBuildFile; fileRef = C5C22B792B4EB45B00761136 /* Preview Assets.xcassets */; };
		C5C22B812B4EF16800761136 /* CircleImage.swift in Sources */ = {isa = PBXBuildFile; fileRef = C5C22B802B4EF16800761136 /* CircleImage.swift */; };
		C5C22B832B4F085E00761136 /* MapView.swift in Sources */ = {isa = PBXBuildFile; fileRef = C5C22B822B4F085E00761136 /* MapView.swift */; };
		C5C22B852B4F0D5600761136 /* MetaDataView.swift in Sources */ = {isa = PBXBuildFile; fileRef = C5C22B842B4F0D5600761136 /* MetaDataView.swift */; };
/* End PBXBuildFile section */

/* Begin PBXFileReference section */
		C508A0332B4F57C800090467 /* landmarkData.json */ = {isa = PBXFileReference; fileEncoding = 4; lastKnownFileType = text.json; path = landmarkData.json; sourceTree = "<group>"; };
		C508A0362B4F580C00090467 /* Landmark.swift */ = {isa = PBXFileReference; lastKnownFileType = sourcecode.swift; path = Landmark.swift; sourceTree = "<group>"; };
		C51631E02B4FD6A800B1E451 /* DataLoader.swift */ = {isa = PBXFileReference; lastKnownFileType = sourcecode.swift; path = DataLoader.swift; sourceTree = "<group>"; };
		C58C98A22B530D98009017C6 /* FavoriteButton.swift */ = {isa = PBXFileReference; lastKnownFileType = sourcecode.swift; path = FavoriteButton.swift; sourceTree = "<group>"; };
		C599D0CE2B59C97300255782 /* HexagonParameters.swift */ = {isa = PBXFileReference; lastKnownFileType = sourcecode.swift; path = HexagonParameters.swift; sourceTree = "<group>"; };
		C599D0D12B59E31400255782 /* BadgeBackground.swift */ = {isa = PBXFileReference; lastKnownFileType = sourcecode.swift; path = BadgeBackground.swift; sourceTree = "<group>"; };
		C599D0D32B59EFA600255782 /* BadgeSymbol.swift */ = {isa = PBXFileReference; lastKnownFileType = sourcecode.swift; path = BadgeSymbol.swift; sourceTree = "<group>"; };
		C599D0D52B59F15A00255782 /* RotatedBadgeSymbol.swift */ = {isa = PBXFileReference; lastKnownFileType = sourcecode.swift; path = RotatedBadgeSymbol.swift; sourceTree = "<group>"; };
		C599D0D72B59F1E400255782 /* Badge.swift */ = {isa = PBXFileReference; lastKnownFileType = sourcecode.swift; path = Badge.swift; sourceTree = "<group>"; };
		C599D0DA2B59F71D00255782 /* hikeData.json */ = {isa = PBXFileReference; fileEncoding = 4; lastKnownFileType = text.json; path = hikeData.json; sourceTree = "<group>"; };
		C599D0DC2B59F78500255782 /* Hike.swift */ = {isa = PBXFileReference; lastKnownFileType = sourcecode.swift; path = Hike.swift; sourceTree = "<group>"; };
		C599D0E12B59F9AD00255782 /* HikeDetail.swift */ = {isa = PBXFileReference; fileEncoding = 4; lastKnownFileType = sourcecode.swift; path = HikeDetail.swift; sourceTree = "<group>"; };
		C599D0E22B59F9AD00255782 /* HikeGraph.swift */ = {isa = PBXFileReference; fileEncoding = 4; lastKnownFileType = sourcecode.swift; path = HikeGraph.swift; sourceTree = "<group>"; };
		C599D0E32B59F9AD00255782 /* HikeView.swift */ = {isa = PBXFileReference; fileEncoding = 4; lastKnownFileType = sourcecode.swift; path = HikeView.swift; sourceTree = "<group>"; };
		C599D0E42B59F9AD00255782 /* GraphCapsule.swift */ = {isa = PBXFileReference; fileEncoding = 4; lastKnownFileType = sourcecode.swift; path = GraphCapsule.swift; sourceTree = "<group>"; };
		C5BB60F32B4FE89E00AD2D48 /* LandmarkRowView.swift */ = {isa = PBXFileReference; lastKnownFileType = sourcecode.swift; path = LandmarkRowView.swift; sourceTree = "<group>"; };
		C5BB60F52B4FF02100AD2D48 /* DataSource.swift */ = {isa = PBXFileReference; lastKnownFileType = sourcecode.swift; path = DataSource.swift; sourceTree = "<group>"; };
		C5BB60F72B4FF1BF00AD2D48 /* LandmarksListView.swift */ = {isa = PBXFileReference; lastKnownFileType = sourcecode.swift; path = LandmarksListView.swift; sourceTree = "<group>"; };
		C5C22B6F2B4EB45900761136 /* SwiftUITutor1.app */ = {isa = PBXFileReference; explicitFileType = wrapper.application; includeInIndex = 0; path = SwiftUITutor1.app; sourceTree = BUILT_PRODUCTS_DIR; };
		C5C22B722B4EB45900761136 /* SwiftUITutor1App.swift */ = {isa = PBXFileReference; lastKnownFileType = sourcecode.swift; path = SwiftUITutor1App.swift; sourceTree = "<group>"; };
		C5C22B742B4EB45900761136 /* LandmarkDetailsView.swift */ = {isa = PBXFileReference; lastKnownFileType = sourcecode.swift; path = LandmarkDetailsView.swift; sourceTree = "<group>"; };
		C5C22B762B4EB45B00761136 /* Assets.xcassets */ = {isa = PBXFileReference; lastKnownFileType = folder.assetcatalog; path = Assets.xcassets; sourceTree = "<group>"; };
		C5C22B792B4EB45B00761136 /* Preview Assets.xcassets */ = {isa = PBXFileReference; lastKnownFileType = folder.assetcatalog; path = "Preview Assets.xcassets"; sourceTree = "<group>"; };
		C5C22B802B4EF16800761136 /* CircleImage.swift */ = {isa = PBXFileReference; lastKnownFileType = sourcecode.swift; path = CircleImage.swift; sourceTree = "<group>"; };
		C5C22B822B4F085E00761136 /* MapView.swift */ = {isa = PBXFileReference; lastKnownFileType = sourcecode.swift; path = MapView.swift; sourceTree = "<group>"; };
		C5C22B842B4F0D5600761136 /* MetaDataView.swift */ = {isa = PBXFileReference; lastKnownFileType = sourcecode.swift; path = MetaDataView.swift; sourceTree = "<group>"; };
/* End PBXFileReference section */

/* Begin PBXFrameworksBuildPhase section */
		C5C22B6C2B4EB45900761136 /* Frameworks */ = {
			isa = PBXFrameworksBuildPhase;
			buildActionMask = 2147483647;
			files = (
			);
			runOnlyForDeploymentPostprocessing = 0;
		};
/* End PBXFrameworksBuildPhase section */

/* Begin PBXGroup section */
		C508A0352B4F57EA00090467 /* Models */ = {
			isa = PBXGroup;
			children = (
				C508A0362B4F580C00090467 /* Landmark.swift */,
				C5BB60F52B4FF02100AD2D48 /* DataSource.swift */,
				C599D0DC2B59F78500255782 /* Hike.swift */,
			);
			path = Models;
			sourceTree = "<group>";
		};
		C51631DF2B4FD67300B1E451 /* Utils */ = {
			isa = PBXGroup;
			children = (
				C51631E02B4FD6A800B1E451 /* DataLoader.swift */,
			);
			path = Utils;
			sourceTree = "<group>";
		};
		C599D0D92B59F44300255782 /* Shapes */ = {
			isa = PBXGroup;
			children = (
				C599D0CE2B59C97300255782 /* HexagonParameters.swift */,
				C599D0D12B59E31400255782 /* BadgeBackground.swift */,
				C599D0D32B59EFA600255782 /* BadgeSymbol.swift */,
				C599D0D52B59F15A00255782 /* RotatedBadgeSymbol.swift */,
			);
			path = Shapes;
			sourceTree = "<group>";
		};
		C599D0E02B59F99700255782 /* Hikes */ = {
			isa = PBXGroup;
			children = (
				C599D0E42B59F9AD00255782 /* GraphCapsule.swift */,
				C599D0E12B59F9AD00255782 /* HikeDetail.swift */,
				C599D0E22B59F9AD00255782 /* HikeGraph.swift */,
				C599D0E32B59F9AD00255782 /* HikeView.swift */,
			);
			path = Hikes;
			sourceTree = "<group>";
		};
		C5BB60F02B4FE79100AD2D48 /* Views */ = {
			isa = PBXGroup;
			children = (
				C599D0E02B59F99700255782 /* Hikes */,
				C599D0D92B59F44300255782 /* Shapes */,
				C5C22B802B4EF16800761136 /* CircleImage.swift */,
				C5C22B842B4F0D5600761136 /* MetaDataView.swift */,
				C5C22B822B4F085E00761136 /* MapView.swift */,
				C5BB60F32B4FE89E00AD2D48 /* LandmarkRowView.swift */,
				C58C98A22B530D98009017C6 /* FavoriteButton.swift */,
				C599D0D72B59F1E400255782 /* Badge.swift */,
			);
			path = Views;
			sourceTree = "<group>";
		};
		C5BB60F12B4FE7C400AD2D48 /* Pages */ = {
			isa = PBXGroup;
			children = (
				C5C22B742B4EB45900761136 /* LandmarkDetailsView.swift */,
				C5BB60F72B4FF1BF00AD2D48 /* LandmarksListView.swift */,
			);
			path = Pages;
			sourceTree = "<group>";
		};
		C5BB60F22B4FE7DD00AD2D48 /* Resources */ = {
			isa = PBXGroup;
			children = (
				C599D0DA2B59F71D00255782 /* hikeData.json */,
				C508A0332B4F57C800090467 /* landmarkData.json */,
			);
			path = Resources;
			sourceTree = "<group>";
		};
		C5C22B662B4EB45900761136 = {
			isa = PBXGroup;
			children = (
				C5C22B712B4EB45900761136 /* SwiftUITutor1 */,
				C5C22B702B4EB45900761136 /* Products */,
			);
			sourceTree = "<group>";
		};
		C5C22B702B4EB45900761136 /* Products */ = {
			isa = PBXGroup;
			children = (
				C5C22B6F2B4EB45900761136 /* SwiftUITutor1.app */,
			);
			name = Products;
			sourceTree = "<group>";
		};
		C5C22B712B4EB45900761136 /* SwiftUITutor1 */ = {
			isa = PBXGroup;
			children = (
				C5BB60F12B4FE7C400AD2D48 /* Pages */,
				C5BB60F02B4FE79100AD2D48 /* Views */,
				C51631DF2B4FD67300B1E451 /* Utils */,
				C508A0352B4F57EA00090467 /* Models */,
				C5BB60F22B4FE7DD00AD2D48 /* Resources */,
				C5C22B722B4EB45900761136 /* SwiftUITutor1App.swift */,
				C5C22B762B4EB45B00761136 /* Assets.xcassets */,
				C5C22B782B4EB45B00761136 /* Preview Content */,
			);
			path = SwiftUITutor1;
			sourceTree = "<group>";
		};
		C5C22B782B4EB45B00761136 /* Preview Content */ = {
			isa = PBXGroup;
			children = (
				C5C22B792B4EB45B00761136 /* Preview Assets.xcassets */,
			);
			path = "Preview Content";
			sourceTree = "<group>";
		};
/* End PBXGroup section */

/* Begin PBXNativeTarget section */
		C5C22B6E2B4EB45900761136 /* SwiftUITutor1 */ = {
			isa = PBXNativeTarget;
			buildConfigurationList = C5C22B7D2B4EB45B00761136 /* Build configuration list for PBXNativeTarget "SwiftUITutor1" */;
			buildPhases = (
				C5C22B6B2B4EB45900761136 /* Sources */,
				C5C22B6C2B4EB45900761136 /* Frameworks */,
				C5C22B6D2B4EB45900761136 /* Resources */,
			);
			buildRules = (
			);
			dependencies = (
			);
			name = SwiftUITutor1;
			productName = SwiftUITutor1;
			productReference = C5C22B6F2B4EB45900761136 /* SwiftUITutor1.app */;
			productType = "com.apple.product-type.application";
		};
/* End PBXNativeTarget section */

/* Begin PBXProject section */
		C5C22B672B4EB45900761136 /* Project object */ = {
			isa = PBXProject;
			attributes = {
				BuildIndependentTargetsInParallel = 1;
				LastSwiftUpdateCheck = 1500;
				LastUpgradeCheck = 1500;
				TargetAttributes = {
					C5C22B6E2B4EB45900761136 = {
						CreatedOnToolsVersion = 15.0;
					};
				};
			};
			buildConfigurationList = C5C22B6A2B4EB45900761136 /* Build configuration list for PBXProject "SwiftUITutor1" */;
			compatibilityVersion = "Xcode 14.0";
			developmentRegion = en;
			hasScannedForEncodings = 0;
			knownRegions = (
				en,
				Base,
			);
			mainGroup = C5C22B662B4EB45900761136;
			productRefGroup = C5C22B702B4EB45900761136 /* Products */;
			projectDirPath = "";
			projectRoot = "";
			targets = (
				C5C22B6E2B4EB45900761136 /* SwiftUITutor1 */,
			);
		};
/* End PBXProject section */

/* Begin PBXResourcesBuildPhase section */
		C5C22B6D2B4EB45900761136 /* Resources */ = {
			isa = PBXResourcesBuildPhase;
			buildActionMask = 2147483647;
			files = (
				C599D0DB2B59F71D00255782 /* hikeData.json in Resources */,
				C5C22B7A2B4EB45B00761136 /* Preview Assets.xcassets in Resources */,
				C5C22B772B4EB45B00761136 /* Assets.xcassets in Resources */,
				C508A0342B4F57C800090467 /* landmarkData.json in Resources */,
			);
			runOnlyForDeploymentPostprocessing = 0;
		};
/* End PBXResourcesBuildPhase section */

/* Begin PBXSourcesBuildPhase section */
		C5C22B6B2B4EB45900761136 /* Sources */ = {
			isa = PBXSourcesBuildPhase;
			buildActionMask = 2147483647;
			files = (
				C599D0DD2B59F78500255782 /* Hike.swift in Sources */,
				C599D0CF2B59C97300255782 /* HexagonParameters.swift in Sources */,
				C5C22B752B4EB45900761136 /* LandmarkDetailsView.swift in Sources */,
				C5C22B852B4F0D5600761136 /* MetaDataView.swift in Sources */,
				C599D0E62B59F9AD00255782 /* HikeGraph.swift in Sources */,
				C51631E12B4FD6A800B1E451 /* DataLoader.swift in Sources */,
				C5BB60F62B4FF02100AD2D48 /* DataSource.swift in Sources */,
				C5C22B832B4F085E00761136 /* MapView.swift in Sources */,
				C5C22B732B4EB45900761136 /* SwiftUITutor1App.swift in Sources */,
				C599D0D42B59EFA600255782 /* BadgeSymbol.swift in Sources */,
				C599D0D62B59F15A00255782 /* RotatedBadgeSymbol.swift in Sources */,
				C599D0D82B59F1E400255782 /* Badge.swift in Sources */,
				C599D0E52B59F9AD00255782 /* HikeDetail.swift in Sources */,
				C599D0E72B59F9AD00255782 /* HikeView.swift in Sources */,
				C5BB60F82B4FF1BF00AD2D48 /* LandmarksListView.swift in Sources */,
				C599D0D22B59E31400255782 /* BadgeBackground.swift in Sources */,
				C5BB60F42B4FE89E00AD2D48 /* LandmarkRowView.swift in Sources */,
				C5C22B812B4EF16800761136 /* CircleImage.swift in Sources */,
				C58C98A32B530D98009017C6 /* FavoriteButton.swift in Sources */,
				C508A0372B4F580C00090467 /* Landmark.swift in Sources */,
				C599D0E82B59F9AD00255782 /* GraphCapsule.swift in Sources */,
			);
			runOnlyForDeploymentPostprocessing = 0;
		};
/* End PBXSourcesBuildPhase section */

/* Begin XCBuildConfiguration section */
		C5C22B7B2B4EB45B00761136 /* Debug */ = {
			isa = XCBuildConfiguration;
			buildSettings = {
				ALWAYS_SEARCH_USER_PATHS = NO;
				ASSETCATALOG_COMPILER_GENERATE_SWIFT_ASSET_SYMBOL_EXTENSIONS = YES;
				CLANG_ANALYZER_NONNULL = YES;
				CLANG_ANALYZER_NUMBER_OBJECT_CONVERSION = YES_AGGRESSIVE;
				CLANG_CXX_LANGUAGE_STANDARD = "gnu++20";
				CLANG_ENABLE_MODULES = YES;
				CLANG_ENABLE_OBJC_ARC = YES;
				CLANG_ENABLE_OBJC_WEAK = YES;
				CLANG_WARN_BLOCK_CAPTURE_AUTORELEASING = YES;
				CLANG_WARN_BOOL_CONVERSION = YES;
				CLANG_WARN_COMMA = YES;
				CLANG_WARN_CONSTANT_CONVERSION = YES;
				CLANG_WARN_DEPRECATED_OBJC_IMPLEMENTATIONS = YES;
				CLANG_WARN_DIRECT_OBJC_ISA_USAGE = YES_ERROR;
				CLANG_WARN_DOCUMENTATION_COMMENTS = YES;
				CLANG_WARN_EMPTY_BODY = YES;
				CLANG_WARN_ENUM_CONVERSION = YES;
				CLANG_WARN_INFINITE_RECURSION = YES;
				CLANG_WARN_INT_CONVERSION = YES;
				CLANG_WARN_NON_LITERAL_NULL_CONVERSION = YES;
				CLANG_WARN_OBJC_IMPLICIT_RETAIN_SELF = YES;
				CLANG_WARN_OBJC_LITERAL_CONVERSION = YES;
				CLANG_WARN_OBJC_ROOT_CLASS = YES_ERROR;
				CLANG_WARN_QUOTED_INCLUDE_IN_FRAMEWORK_HEADER = YES;
				CLANG_WARN_RANGE_LOOP_ANALYSIS = YES;
				CLANG_WARN_STRICT_PROTOTYPES = YES;
				CLANG_WARN_SUSPICIOUS_MOVE = YES;
				CLANG_WARN_UNGUARDED_AVAILABILITY = YES_AGGRESSIVE;
				CLANG_WARN_UNREACHABLE_CODE = YES;
				CLANG_WARN__DUPLICATE_METHOD_MATCH = YES;
				COPY_PHASE_STRIP = NO;
				DEBUG_INFORMATION_FORMAT = dwarf;
				ENABLE_STRICT_OBJC_MSGSEND = YES;
				ENABLE_TESTABILITY = YES;
				ENABLE_USER_SCRIPT_SANDBOXING = YES;
				GCC_C_LANGUAGE_STANDARD = gnu17;
				GCC_DYNAMIC_NO_PIC = NO;
				GCC_NO_COMMON_BLOCKS = YES;
				GCC_OPTIMIZATION_LEVEL = 0;
				GCC_PREPROCESSOR_DEFINITIONS = (
					"DEBUG=1",
					"$(inherited)",
				);
				GCC_WARN_64_TO_32_BIT_CONVERSION = YES;
				GCC_WARN_ABOUT_RETURN_TYPE = YES_ERROR;
				GCC_WARN_UNDECLARED_SELECTOR = YES;
				GCC_WARN_UNINITIALIZED_AUTOS = YES_AGGRESSIVE;
				GCC_WARN_UNUSED_FUNCTION = YES;
				GCC_WARN_UNUSED_VARIABLE = YES;
				IPHONEOS_DEPLOYMENT_TARGET = 17.0;
				LOCALIZATION_PREFERS_STRING_CATALOGS = YES;
				MTL_ENABLE_DEBUG_INFO = INCLUDE_SOURCE;
				MTL_FAST_MATH = YES;
				ONLY_ACTIVE_ARCH = YES;
				SDKROOT = iphoneos;
				SWIFT_ACTIVE_COMPILATION_CONDITIONS = "DEBUG $(inherited)";
				SWIFT_OPTIMIZATION_LEVEL = "-Onone";
			};
			name = Debug;
		};
		C5C22B7C2B4EB45B00761136 /* Release */ = {
			isa = XCBuildConfiguration;
			buildSettings = {
				ALWAYS_SEARCH_USER_PATHS = NO;
				ASSETCATALOG_COMPILER_GENERATE_SWIFT_ASSET_SYMBOL_EXTENSIONS = YES;
				CLANG_ANALYZER_NONNULL = YES;
				CLANG_ANALYZER_NUMBER_OBJECT_CONVERSION = YES_AGGRESSIVE;
				CLANG_CXX_LANGUAGE_STANDARD = "gnu++20";
				CLANG_ENABLE_MODULES = YES;
				CLANG_ENABLE_OBJC_ARC = YES;
				CLANG_ENABLE_OBJC_WEAK = YES;
				CLANG_WARN_BLOCK_CAPTURE_AUTORELEASING = YES;
				CLANG_WARN_BOOL_CONVERSION = YES;
				CLANG_WARN_COMMA = YES;
				CLANG_WARN_CONSTANT_CONVERSION = YES;
				CLANG_WARN_DEPRECATED_OBJC_IMPLEMENTATIONS = YES;
				CLANG_WARN_DIRECT_OBJC_ISA_USAGE = YES_ERROR;
				CLANG_WARN_DOCUMENTATION_COMMENTS = YES;
				CLANG_WARN_EMPTY_BODY = YES;
				CLANG_WARN_ENUM_CONVERSION = YES;
				CLANG_WARN_INFINITE_RECURSION = YES;
				CLANG_WARN_INT_CONVERSION = YES;
				CLANG_WARN_NON_LITERAL_NULL_CONVERSION = YES;
				CLANG_WARN_OBJC_IMPLICIT_RETAIN_SELF = YES;
				CLANG_WARN_OBJC_LITERAL_CONVERSION = YES;
				CLANG_WARN_OBJC_ROOT_CLASS = YES_ERROR;
				CLANG_WARN_QUOTED_INCLUDE_IN_FRAMEWORK_HEADER = YES;
				CLANG_WARN_RANGE_LOOP_ANALYSIS = YES;
				CLANG_WARN_STRICT_PROTOTYPES = YES;
				CLANG_WARN_SUSPICIOUS_MOVE = YES;
				CLANG_WARN_UNGUARDED_AVAILABILITY = YES_AGGRESSIVE;
				CLANG_WARN_UNREACHABLE_CODE = YES;
				CLANG_WARN__DUPLICATE_METHOD_MATCH = YES;
				COPY_PHASE_STRIP = NO;
				DEBUG_INFORMATION_FORMAT = "dwarf-with-dsym";
				ENABLE_NS_ASSERTIONS = NO;
				ENABLE_STRICT_OBJC_MSGSEND = YES;
				ENABLE_USER_SCRIPT_SANDBOXING = YES;
				GCC_C_LANGUAGE_STANDARD = gnu17;
				GCC_NO_COMMON_BLOCKS = YES;
				GCC_WARN_64_TO_32_BIT_CONVERSION = YES;
				GCC_WARN_ABOUT_RETURN_TYPE = YES_ERROR;
				GCC_WARN_UNDECLARED_SELECTOR = YES;
				GCC_WARN_UNINITIALIZED_AUTOS = YES_AGGRESSIVE;
				GCC_WARN_UNUSED_FUNCTION = YES;
				GCC_WARN_UNUSED_VARIABLE = YES;
				IPHONEOS_DEPLOYMENT_TARGET = 17.0;
				LOCALIZATION_PREFERS_STRING_CATALOGS = YES;
				MTL_ENABLE_DEBUG_INFO = NO;
				MTL_FAST_MATH = YES;
				SDKROOT = iphoneos;
				SWIFT_COMPILATION_MODE = wholemodule;
				VALIDATE_PRODUCT = YES;
			};
			name = Release;
		};
		C5C22B7E2B4EB45B00761136 /* Debug */ = {
			isa = XCBuildConfiguration;
			buildSettings = {
				ASSETCATALOG_COMPILER_APPICON_NAME = AppIcon;
				ASSETCATALOG_COMPILER_GLOBAL_ACCENT_COLOR_NAME = AccentColor;
				CODE_SIGN_STYLE = Automatic;
				CURRENT_PROJECT_VERSION = 1;
				DEVELOPMENT_ASSET_PATHS = "\"SwiftUITutor1/Preview Content\"";
				DEVELOPMENT_TEAM = P57KUX42FG;
				ENABLE_PREVIEWS = YES;
				GENERATE_INFOPLIST_FILE = YES;
				INFOPLIST_KEY_UIApplicationSceneManifest_Generation = YES;
				INFOPLIST_KEY_UIApplicationSupportsIndirectInputEvents = YES;
				INFOPLIST_KEY_UILaunchScreen_Generation = YES;
				INFOPLIST_KEY_UISupportedInterfaceOrientations_iPad = "UIInterfaceOrientationPortrait UIInterfaceOrientationPortraitUpsideDown UIInterfaceOrientationLandscapeLeft UIInterfaceOrientationLandscapeRight";
				INFOPLIST_KEY_UISupportedInterfaceOrientations_iPhone = "UIInterfaceOrientationPortrait UIInterfaceOrientationLandscapeLeft UIInterfaceOrientationLandscapeRight";
				LD_RUNPATH_SEARCH_PATHS = (
					"$(inherited)",
					"@executable_path/Frameworks",
				);
				MARKETING_VERSION = 1.0;
				PRODUCT_BUNDLE_IDENTIFIER = com.hakamdev.SwiftUITutor1;
				PRODUCT_NAME = "$(TARGET_NAME)";
				SWIFT_EMIT_LOC_STRINGS = YES;
				SWIFT_VERSION = 5.0;
				TARGETED_DEVICE_FAMILY = "1,2";
			};
			name = Debug;
		};
		C5C22B7F2B4EB45B00761136 /* Release */ = {
			isa = XCBuildConfiguration;
			buildSettings = {
				ASSETCATALOG_COMPILER_APPICON_NAME = AppIcon;
				ASSETCATALOG_COMPILER_GLOBAL_ACCENT_COLOR_NAME = AccentColor;
				CODE_SIGN_STYLE = Automatic;
				CURRENT_PROJECT_VERSION = 1;
				DEVELOPMENT_ASSET_PATHS = "\"SwiftUITutor1/Preview Content\"";
				DEVELOPMENT_TEAM = P57KUX42FG;
				ENABLE_PREVIEWS = YES;
				GENERATE_INFOPLIST_FILE = YES;
				INFOPLIST_KEY_UIApplicationSceneManifest_Generation = YES;
				INFOPLIST_KEY_UIApplicationSupportsIndirectInputEvents = YES;
				INFOPLIST_KEY_UILaunchScreen_Generation = YES;
				INFOPLIST_KEY_UISupportedInterfaceOrientations_iPad = "UIInterfaceOrientationPortrait UIInterfaceOrientationPortraitUpsideDown UIInterfaceOrientationLandscapeLeft UIInterfaceOrientationLandscapeRight";
				INFOPLIST_KEY_UISupportedInterfaceOrientations_iPhone = "UIInterfaceOrientationPortrait UIInterfaceOrientationLandscapeLeft UIInterfaceOrientationLandscapeRight";
				LD_RUNPATH_SEARCH_PATHS = (
					"$(inherited)",
					"@executable_path/Frameworks",
				);
				MARKETING_VERSION = 1.0;
				PRODUCT_BUNDLE_IDENTIFIER = com.hakamdev.SwiftUITutor1;
				PRODUCT_NAME = "$(TARGET_NAME)";
				SWIFT_EMIT_LOC_STRINGS = YES;
				SWIFT_VERSION = 5.0;
				TARGETED_DEVICE_FAMILY = "1,2";
			};
			name = Release;
		};
/* End XCBuildConfiguration section */

/* Begin XCConfigurationList section */
		C5C22B6A2B4EB45900761136 /* Build configuration list for PBXProject "SwiftUITutor1" */ = {
			isa = XCConfigurationList;
			buildConfigurations = (
				C5C22B7B2B4EB45B00761136 /* Debug */,
				C5C22B7C2B4EB45B00761136 /* Release */,
			);
			defaultConfigurationIsVisible = 0;
			defaultConfigurationName = Release;
		};
		C5C22B7D2B4EB45B00761136 /* Build configuration list for PBXNativeTarget "SwiftUITutor1" */ = {
			isa = XCConfigurationList;
			buildConfigurations = (
				C5C22B7E2B4EB45B00761136 /* Debug */,
				C5C22B7F2B4EB45B00761136 /* Release */,
			);
			defaultConfigurationIsVisible = 0;
			defaultConfigurationName = Release;
		};
/* End XCConfigurationList section */
	};
	rootObject = C5C22B672B4EB45900761136 /* Project object */;
}
